
Microsoft Visual Studio Solution File, Format Version 12.00
# Visual Studio 14
VisualStudioVersion = 14.0.25420.1
MinimumVisualStudioVersion = 10.0.40219.1
Project("{FAE04EC0-301F-11D3-BF4B-00C04F79EFBC}") = "CCSolutionHRM", "CCSolutionHRM\CCSolutionHRM.csproj", "{CBE9B4B4-F3A5-482B-BAFA-7B67C6E4FBB4}"
EndProject
Project("{FAE04EC0-301F-11D3-BF4B-00C04F79EFBC}") = "CCSolutionHRM.Tests", "CCSolutionHRM.Tests\CCSolutionHRM.Tests.csproj", "{3C46519F-2596-4793-BD9C-83C098CE3755}"
EndProject
Global
	GlobalSection(SolutionConfigurationPlatforms) = preSolution
		Debug|Any CPU = Debug|Any CPU
		Release|Any CPU = Release|Any CPU
	EndGlobalSection
	GlobalSection(ProjectConfigurationPlatforms) = postSolution
		{CBE9B4B4-F3A5-482B-BAFA-7B67C6E4FBB4}.Debug|Any CPU.ActiveCfg = Debug|Any CPU
		{CBE9B4B4-F3A5-482B-BAFA-7B67C6E4FBB4}.Debug|Any CPU.Build.0 = Debug|Any CPU
		{CBE9B4B4-F3A5-482B-BAFA-7B67C6E4FBB4}.Release|Any CPU.ActiveCfg = Release|Any CPU
		{CBE9B4B4-F3A5-482B-BAFA-7B67C6E4FBB4}.Release|Any CPU.Build.0 = Release|Any CPU
		{3C46519F-2596-4793-BD9C-83C098CE3755}.Debug|Any CPU.ActiveCfg = Debug|Any CPU
		{3C46519F-2596-4793-BD9C-83C098CE3755}.Debug|Any CPU.Build.0 = Debug|Any CPU
		{3C46519F-2596-4793-BD9C-83C098CE3755}.Release|Any CPU.ActiveCfg = Release|Any CPU
		{3C46519F-2596-4793-BD9C-83C098CE3755}.Release|Any CPU.Build.0 = Release|Any CPU
	EndGlobalSection
	GlobalSection(SolutionProperties) = preSolution
		HideSolutionNode = FALSE
	EndGlobalSection
EndGlobal
